
Microsoft Visual Studio Solution File, Format Version 12.00
# Visual Studio Version 16
VisualStudioVersion = 16.0.29519.87
MinimumVisualStudioVersion = 10.0.40219.1
Project("{FAE04EC0-301F-11D3-BF4B-00C04F79EFBC}") = "QLDD", "QLDD\QLDD.csproj", "{0953E19D-8889-4599-A699-1ECAC88C179E}"
EndProject
Global
	GlobalSection(SolutionConfigurationPlatforms) = preSolution
		Debug|Any CPU = Debug|Any CPU
		Release|Any CPU = Release|Any CPU
	EndGlobalSection
	GlobalSection(ProjectConfigurationPlatforms) = postSolution
		{0953E19D-8889-4599-A699-1ECAC88C179E}.Debug|Any CPU.ActiveCfg = Debug|Any CPU
		{0953E19D-8889-4599-A699-1ECAC88C179E}.Debug|Any CPU.Build.0 = Debug|Any CPU
		{0953E19D-8889-4599-A699-1ECAC88C179E}.Release|Any CPU.ActiveCfg = Release|Any CPU
		{0953E19D-8889-4599-A699-1ECAC88C179E}.Release|Any CPU.Build.0 = Release|Any CPU
	EndGlobalSection
	GlobalSection(SolutionProperties) = preSolution
		HideSolutionNode = FALSE
	EndGlobalSection
	GlobalSection(ExtensibilityGlobals) = postSolution
		SolutionGuid = {21A04CB8-F0AF-4116-BB3D-F9CEE2C8C8C3}
	EndGlobalSection
EndGlobal
